
Microsoft Visual Studio Solution File, Format Version 12.00
# Visual Studio Version 17
VisualStudioVersion = 17.8.34330.188
MinimumVisualStudioVersion = 10.0.40219.1
Project("{FAE04EC0-301F-11D3-BF4B-00C04F79EFBC}") = "AppAPI", "AppAPI.csproj", "{5538BB36-32A0-4A48-9F27-77DDCF2E75C6}"
EndProject
Global
	GlobalSection(SolutionConfigurationPlatforms) = preSolution
		Debug|Any CPU = Debug|Any CPU
		Release|Any CPU = Release|Any CPU
	EndGlobalSection
	GlobalSection(ProjectConfigurationPlatforms) = postSolution
		{5538BB36-32A0-4A48-9F27-77DDCF2E75C6}.Debug|Any CPU.ActiveCfg = Debug|Any CPU
		{5538BB36-32A0-4A48-9F27-77DDCF2E75C6}.Debug|Any CPU.Build.0 = Debug|Any CPU
		{5538BB36-32A0-4A48-9F27-77DDCF2E75C6}.Release|Any CPU.ActiveCfg = Release|Any CPU
		{5538BB36-32A0-4A48-9F27-77DDCF2E75C6}.Release|Any CPU.Build.0 = Release|Any CPU
	EndGlobalSection
	GlobalSection(SolutionProperties) = preSolution
		HideSolutionNode = FALSE
	EndGlobalSection
	GlobalSection(ExtensibilityGlobals) = postSolution
		SolutionGuid = {69A0CAE2-82E1-4671-8BFD-216C75D31D37}
	EndGlobalSection
EndGlobal
